// !$*UTF8*$!
{
	archiveVersion = 1;
	classes = {
	};
	objectVersion = 55;
	objects = {

/* Begin PBXBuildFile section */
		5064909928463F9E0037C276 /* MechanicsList.swift in Sources */ = {isa = PBXBuildFile; fileRef = 5064909828463F9E0037C276 /* MechanicsList.swift */; };
		506AF2F92849833000455869 /* Definition.xcdatamodeld in Sources */ = {isa = PBXBuildFile; fileRef = 506AF2F72849833000455869 /* Definition.xcdatamodeld */; };
		506AF2FB2849844400455869 /* DataController.swift in Sources */ = {isa = PBXBuildFile; fileRef = 506AF2FA2849844400455869 /* DataController.swift */; };
		507334EE284842EF00EFF9BC /* AddDefinition.swift in Sources */ = {isa = PBXBuildFile; fileRef = 507334ED284842EF00EFF9BC /* AddDefinition.swift */; };
		50F01BC92844FB890007752A /* MEApp.swift in Sources */ = {isa = PBXBuildFile; fileRef = 50F01BC82844FB890007752A /* MEApp.swift */; };
		50F01BCB2844FB890007752A /* ContentView.swift in Sources */ = {isa = PBXBuildFile; fileRef = 50F01BCA2844FB890007752A /* ContentView.swift */; };
		50F01BCD2844FB8A0007752A /* Assets.xcassets in Resources */ = {isa = PBXBuildFile; fileRef = 50F01BCC2844FB8A0007752A /* Assets.xcassets */; };
		50F01BD02844FB8A0007752A /* Preview Assets.xcassets in Resources */ = {isa = PBXBuildFile; fileRef = 50F01BCF2844FB8A0007752A /* Preview Assets.xcassets */; };
		50F01BD92844FBC70007752A /* DetailView.swift in Sources */ = {isa = PBXBuildFile; fileRef = 50F01BD82844FBC70007752A /* DetailView.swift */; };
		50F01BDD2844FBEA0007752A /* SearchResults.swift in Sources */ = {isa = PBXBuildFile; fileRef = 50F01BDC2844FBEA0007752A /* SearchResults.swift */; };
		50F01BDF2844FBF90007752A /* Model.swift in Sources */ = {isa = PBXBuildFile; fileRef = 50F01BDE2844FBF90007752A /* Model.swift */; };
		50F01BE12844FC0F0007752A /* Extensions.swift in Sources */ = {isa = PBXBuildFile; fileRef = 50F01BE02844FC0F0007752A /* Extensions.swift */; };
/* End PBXBuildFile section */

/* Begin PBXFileReference section */
		5064909828463F9E0037C276 /* MechanicsList.swift */ = {isa = PBXFileReference; lastKnownFileType = sourcecode.swift; path = MechanicsList.swift; sourceTree = "<group>"; };
		506AF2F82849833000455869 /* Definition.xcdatamodel */ = {isa = PBXFileReference; lastKnownFileType = wrapper.xcdatamodel; path = Definition.xcdatamodel; sourceTree = "<group>"; };
		506AF2FA2849844400455869 /* DataController.swift */ = {isa = PBXFileReference; lastKnownFileType = sourcecode.swift; path = DataController.swift; sourceTree = "<group>"; };
		507334ED284842EF00EFF9BC /* AddDefinition.swift */ = {isa = PBXFileReference; lastKnownFileType = sourcecode.swift; path = AddDefinition.swift; sourceTree = "<group>"; };
		50F01BC52844FB890007752A /* ME.app */ = {isa = PBXFileReference; explicitFileType = wrapper.application; includeInIndex = 0; path = ME.app; sourceTree = BUILT_PRODUCTS_DIR; };
		50F01BC82844FB890007752A /* MEApp.swift */ = {isa = PBXFileReference; lastKnownFileType = sourcecode.swift; path = MEApp.swift; sourceTree = "<group>"; };
		50F01BCA2844FB890007752A /* ContentView.swift */ = {isa = PBXFileReference; lastKnownFileType = sourcecode.swift; path = ContentView.swift; sourceTree = "<group>"; };
		50F01BCC2844FB8A0007752A /* Assets.xcassets */ = {isa = PBXFileReference; lastKnownFileType = folder.assetcatalog; path = Assets.xcassets; sourceTree = "<group>"; };
		50F01BCF2844FB8A0007752A /* Preview Assets.xcassets */ = {isa = PBXFileReference; lastKnownFileType = folder.assetcatalog; path = "Preview Assets.xcassets"; sourceTree = "<group>"; };
		50F01BD82844FBC70007752A /* DetailView.swift */ = {isa = PBXFileReference; lastKnownFileType = sourcecode.swift; path = DetailView.swift; sourceTree = "<group>"; };
		50F01BDC2844FBEA0007752A /* SearchResults.swift */ = {isa = PBXFileReference; lastKnownFileType = sourcecode.swift; path = SearchResults.swift; sourceTree = "<group>"; };
		50F01BDE2844FBF90007752A /* Model.swift */ = {isa = PBXFileReference; lastKnownFileType = sourcecode.swift; path = Model.swift; sourceTree = "<group>"; };
		50F01BE02844FC0F0007752A /* Extensions.swift */ = {isa = PBXFileReference; lastKnownFileType = sourcecode.swift; path = Extensions.swift; sourceTree = "<group>"; };
/* End PBXFileReference section */

/* Begin PBXFrameworksBuildPhase section */
		50F01BC22844FB890007752A /* Frameworks */ = {
			isa = PBXFrameworksBuildPhase;
			buildActionMask = 2147483647;
			files = (
			);
			runOnlyForDeploymentPostprocessing = 0;
		};
/* End PBXFrameworksBuildPhase section */

/* Begin PBXGroup section */
		505DB8FC2846FD54005B46E9 /* ViewParts */ = {
			isa = PBXGroup;
			children = (
				5064909828463F9E0037C276 /* MechanicsList.swift */,
				50F01BDC2844FBEA0007752A /* SearchResults.swift */,
				507334ED284842EF00EFF9BC /* AddDefinition.swift */,
			);
			path = ViewParts;
			sourceTree = "<group>";
		};
		50F01BBC2844FB890007752A = {
			isa = PBXGroup;
			children = (
				50F01BC72844FB890007752A /* ME */,
				50F01BC62844FB890007752A /* Products */,
			);
			sourceTree = "<group>";
		};
		50F01BC62844FB890007752A /* Products */ = {
			isa = PBXGroup;
			children = (
				50F01BC52844FB890007752A /* ME.app */,
			);
			name = Products;
			sourceTree = "<group>";
		};
		50F01BC72844FB890007752A /* ME */ = {
			isa = PBXGroup;
			children = (
				50F01BC82844FB890007752A /* MEApp.swift */,
				50F01BD62844FBA00007752A /* View */,
				50F01BD72844FBA60007752A /* Model */,
				50F01BE02844FC0F0007752A /* Extensions.swift */,
				50F01BCC2844FB8A0007752A /* Assets.xcassets */,
				50F01BCE2844FB8A0007752A /* Preview Content */,
			);
			path = ME;
			sourceTree = "<group>";
		};
		50F01BCE2844FB8A0007752A /* Preview Content */ = {
			isa = PBXGroup;
			children = (
				50F01BCF2844FB8A0007752A /* Preview Assets.xcassets */,
			);
			path = "Preview Content";
			sourceTree = "<group>";
		};
		50F01BD62844FBA00007752A /* View */ = {
			isa = PBXGroup;
			children = (
				50F01BCA2844FB890007752A /* ContentView.swift */,
				50F01BD82844FBC70007752A /* DetailView.swift */,
				505DB8FC2846FD54005B46E9 /* ViewParts */,
			);
			path = View;
			sourceTree = "<group>";
		};
		50F01BD72844FBA60007752A /* Model */ = {
			isa = PBXGroup;
			children = (
				50F01BDE2844FBF90007752A /* Model.swift */,
				506AF2F72849833000455869 /* Definition.xcdatamodeld */,
				506AF2FA2849844400455869 /* DataController.swift */,
			);
			path = Model;
			sourceTree = "<group>";
		};
/* End PBXGroup section */

/* Begin PBXNativeTarget section */
		50F01BC42844FB890007752A /* ME */ = {
			isa = PBXNativeTarget;
			buildConfigurationList = 50F01BD32844FB8A0007752A /* Build configuration list for PBXNativeTarget "ME" */;
			buildPhases = (
				50F01BC12844FB890007752A /* Sources */,
				50F01BC22844FB890007752A /* Frameworks */,
				50F01BC32844FB890007752A /* Resources */,
			);
			buildRules = (
			);
			dependencies = (
			);
			name = ME;
			productName = ME;
			productReference = 50F01BC52844FB890007752A /* ME.app */;
			productType = "com.apple.product-type.application";
		};
/* End PBXNativeTarget section */

/* Begin PBXProject section */
		50F01BBD2844FB890007752A /* Project object */ = {
			isa = PBXProject;
			attributes = {
				BuildIndependentTargetsInParallel = 1;
				LastSwiftUpdateCheck = 1340;
				LastUpgradeCheck = 1340;
				TargetAttributes = {
					50F01BC42844FB890007752A = {
						CreatedOnToolsVersion = 13.4;
					};
				};
			};
			buildConfigurationList = 50F01BC02844FB890007752A /* Build configuration list for PBXProject "ME" */;
			compatibilityVersion = "Xcode 13.0";
			developmentRegion = en;
			hasScannedForEncodings = 0;
			knownRegions = (
				en,
				Base,
			);
			mainGroup = 50F01BBC2844FB890007752A;
			productRefGroup = 50F01BC62844FB890007752A /* Products */;
			projectDirPath = "";
			projectRoot = "";
			targets = (
				50F01BC42844FB890007752A /* ME */,
			);
		};
/* End PBXProject section */

/* Begin PBXResourcesBuildPhase section */
		50F01BC32844FB890007752A /* Resources */ = {
			isa = PBXResourcesBuildPhase;
			buildActionMask = 2147483647;
			files = (
				50F01BD02844FB8A0007752A /* Preview Assets.xcassets in Resources */,
				50F01BCD2844FB8A0007752A /* Assets.xcassets in Resources */,
			);
			runOnlyForDeploymentPostprocessing = 0;
		};
/* End PBXResourcesBuildPhase section */

/* Begin PBXSourcesBuildPhase section */
		50F01BC12844FB890007752A /* Sources */ = {
			isa = PBXSourcesBuildPhase;
			buildActionMask = 2147483647;
			files = (
				507334EE284842EF00EFF9BC /* AddDefinition.swift in Sources */,
				5064909928463F9E0037C276 /* MechanicsList.swift in Sources */,
				506AF2F92849833000455869 /* Definition.xcdatamodeld in Sources */,
				50F01BE12844FC0F0007752A /* Extensions.swift in Sources */,
				50F01BD92844FBC70007752A /* DetailView.swift in Sources */,
				506AF2FB2849844400455869 /* DataController.swift in Sources */,
				50F01BDD2844FBEA0007752A /* SearchResults.swift in Sources */,
				50F01BDF2844FBF90007752A /* Model.swift in Sources */,
				50F01BCB2844FB890007752A /* ContentView.swift in Sources */,
				50F01BC92844FB890007752A /* MEApp.swift in Sources */,
			);
			runOnlyForDeploymentPostprocessing = 0;
		};
/* End PBXSourcesBuildPhase section */

/* Begin XCBuildConfiguration section */
		50F01BD12844FB8A0007752A /* Debug */ = {
			isa = XCBuildConfiguration;
			buildSettings = {
				ALWAYS_SEARCH_USER_PATHS = NO;
				CLANG_ANALYZER_NONNULL = YES;
				CLANG_ANALYZER_NUMBER_OBJECT_CONVERSION = YES_AGGRESSIVE;
				CLANG_CXX_LANGUAGE_STANDARD = "gnu++17";
				CLANG_ENABLE_MODULES = YES;
				CLANG_ENABLE_OBJC_ARC = YES;
				CLANG_ENABLE_OBJC_WEAK = YES;
				CLANG_WARN_BLOCK_CAPTURE_AUTORELEASING = YES;
				CLANG_WARN_BOOL_CONVERSION = YES;
				CLANG_WARN_COMMA = YES;
				CLANG_WARN_CONSTANT_CONVERSION = YES;
				CLANG_WARN_DEPRECATED_OBJC_IMPLEMENTATIONS = YES;
				CLANG_WARN_DIRECT_OBJC_ISA_USAGE = YES_ERROR;
				CLANG_WARN_DOCUMENTATION_COMMENTS = YES;
				CLANG_WARN_EMPTY_BODY = YES;
				CLANG_WARN_ENUM_CONVERSION = YES;
				CLANG_WARN_INFINITE_RECURSION = YES;
				CLANG_WARN_INT_CONVERSION = YES;
				CLANG_WARN_NON_LITERAL_NULL_CONVERSION = YES;
				CLANG_WARN_OBJC_IMPLICIT_RETAIN_SELF = YES;
				CLANG_WARN_OBJC_LITERAL_CONVERSION = YES;
				CLANG_WARN_OBJC_ROOT_CLASS = YES_ERROR;
				CLANG_WARN_QUOTED_INCLUDE_IN_FRAMEWORK_HEADER = YES;
				CLANG_WARN_RANGE_LOOP_ANALYSIS = YES;
				CLANG_WARN_STRICT_PROTOTYPES = YES;
				CLANG_WARN_SUSPICIOUS_MOVE = YES;
				CLANG_WARN_UNGUARDED_AVAILABILITY = YES_AGGRESSIVE;
				CLANG_WARN_UNREACHABLE_CODE = YES;
				CLANG_WARN__DUPLICATE_METHOD_MATCH = YES;
				COPY_PHASE_STRIP = NO;
				DEBUG_INFORMATION_FORMAT = dwarf;
				ENABLE_STRICT_OBJC_MSGSEND = YES;
				ENABLE_TESTABILITY = YES;
				GCC_C_LANGUAGE_STANDARD = gnu11;
				GCC_DYNAMIC_NO_PIC = NO;
				GCC_NO_COMMON_BLOCKS = YES;
				GCC_OPTIMIZATION_LEVEL = 0;
				GCC_PREPROCESSOR_DEFINITIONS = (
					"DEBUG=1",
					"$(inherited)",
				);
				GCC_WARN_64_TO_32_BIT_CONVERSION = YES;
				GCC_WARN_ABOUT_RETURN_TYPE = YES_ERROR;
				GCC_WARN_UNDECLARED_SELECTOR = YES;
				GCC_WARN_UNINITIALIZED_AUTOS = YES_AGGRESSIVE;
				GCC_WARN_UNUSED_FUNCTION = YES;
				GCC_WARN_UNUSED_VARIABLE = YES;
				IPHONEOS_DEPLOYMENT_TARGET = 15.5;
				MTL_ENABLE_DEBUG_INFO = INCLUDE_SOURCE;
				MTL_FAST_MATH = YES;
				ONLY_ACTIVE_ARCH = YES;
				SDKROOT = iphoneos;
				SWIFT_ACTIVE_COMPILATION_CONDITIONS = DEBUG;
				SWIFT_OPTIMIZATION_LEVEL = "-Onone";
			};
			name = Debug;
		};
		50F01BD22844FB8A0007752A /* Release */ = {
			isa = XCBuildConfiguration;
			buildSettings = {
				ALWAYS_SEARCH_USER_PATHS = NO;
				CLANG_ANALYZER_NONNULL = YES;
				CLANG_ANALYZER_NUMBER_OBJECT_CONVERSION = YES_AGGRESSIVE;
				CLANG_CXX_LANGUAGE_STANDARD = "gnu++17";
				CLANG_ENABLE_MODULES = YES;
				CLANG_ENABLE_OBJC_ARC = YES;
				CLANG_ENABLE_OBJC_WEAK = YES;
				CLANG_WARN_BLOCK_CAPTURE_AUTORELEASING = YES;
				CLANG_WARN_BOOL_CONVERSION = YES;
				CLANG_WARN_COMMA = YES;
				CLANG_WARN_CONSTANT_CONVERSION = YES;
				CLANG_WARN_DEPRECATED_OBJC_IMPLEMENTATIONS = YES;
				CLANG_WARN_DIRECT_OBJC_ISA_USAGE = YES_ERROR;
				CLANG_WARN_DOCUMENTATION_COMMENTS = YES;
				CLANG_WARN_EMPTY_BODY = YES;
				CLANG_WARN_ENUM_CONVERSION = YES;
				CLANG_WARN_INFINITE_RECURSION = YES;
				CLANG_WARN_INT_CONVERSION = YES;
				CLANG_WARN_NON_LITERAL_NULL_CONVERSION = YES;
				CLANG_WARN_OBJC_IMPLICIT_RETAIN_SELF = YES;
				CLANG_WARN_OBJC_LITERAL_CONVERSION = YES;
				CLANG_WARN_OBJC_ROOT_CLASS = YES_ERROR;
				CLANG_WARN_QUOTED_INCLUDE_IN_FRAMEWORK_HEADER = YES;
				CLANG_WARN_RANGE_LOOP_ANALYSIS = YES;
				CLANG_WARN_STRICT_PROTOTYPES = YES;
				CLANG_WARN_SUSPICIOUS_MOVE = YES;
				CLANG_WARN_UNGUARDED_AVAILABILITY = YES_AGGRESSIVE;
				CLANG_WARN_UNREACHABLE_CODE = YES;
				CLANG_WARN__DUPLICATE_METHOD_MATCH = YES;
				COPY_PHASE_STRIP = NO;
				DEBUG_INFORMATION_FORMAT = "dwarf-with-dsym";
				ENABLE_NS_ASSERTIONS = NO;
				ENABLE_STRICT_OBJC_MSGSEND = YES;
				GCC_C_LANGUAGE_STANDARD = gnu11;
				GCC_NO_COMMON_BLOCKS = YES;
				GCC_WARN_64_TO_32_BIT_CONVERSION = YES;
				GCC_WARN_ABOUT_RETURN_TYPE = YES_ERROR;
				GCC_WARN_UNDECLARED_SELECTOR = YES;
				GCC_WARN_UNINITIALIZED_AUTOS = YES_AGGRESSIVE;
				GCC_WARN_UNUSED_FUNCTION = YES;
				GCC_WARN_UNUSED_VARIABLE = YES;
				IPHONEOS_DEPLOYMENT_TARGET = 15.5;
				MTL_ENABLE_DEBUG_INFO = NO;
				MTL_FAST_MATH = YES;
				SDKROOT = iphoneos;
				SWIFT_COMPILATION_MODE = wholemodule;
				SWIFT_OPTIMIZATION_LEVEL = "-O";
				VALIDATE_PRODUCT = YES;
			};
			name = Release;
		};
		50F01BD42844FB8A0007752A /* Debug */ = {
			isa = XCBuildConfiguration;
			buildSettings = {
				ASSETCATALOG_COMPILER_APPICON_NAME = AppIcon;
				ASSETCATALOG_COMPILER_GLOBAL_ACCENT_COLOR_NAME = AccentColor;
				CODE_SIGN_STYLE = Automatic;
				CURRENT_PROJECT_VERSION = 1;
				DEVELOPMENT_ASSET_PATHS = "\"ME/Preview Content\"";
				DEVELOPMENT_TEAM = T378897HQ2;
				ENABLE_PREVIEWS = YES;
				GENERATE_INFOPLIST_FILE = YES;
				INFOPLIST_KEY_UIApplicationSceneManifest_Generation = YES;
				INFOPLIST_KEY_UIApplicationSupportsIndirectInputEvents = YES;
				INFOPLIST_KEY_UILaunchScreen_Generation = YES;
				INFOPLIST_KEY_UISupportedInterfaceOrientations_iPad = "UIInterfaceOrientationPortrait UIInterfaceOrientationPortraitUpsideDown UIInterfaceOrientationLandscapeLeft UIInterfaceOrientationLandscapeRight";
				INFOPLIST_KEY_UISupportedInterfaceOrientations_iPhone = "UIInterfaceOrientationPortrait UIInterfaceOrientationLandscapeLeft UIInterfaceOrientationLandscapeRight";
				LD_RUNPATH_SEARCH_PATHS = (
					"$(inherited)",
					"@executable_path/Frameworks",
				);
				MARKETING_VERSION = 1.0;
				PRODUCT_BUNDLE_IDENTIFIER = com.mch.ME;
				PRODUCT_NAME = "$(TARGET_NAME)";
				SWIFT_EMIT_LOC_STRINGS = YES;
				SWIFT_VERSION = 5.0;
				TARGETED_DEVICE_FAMILY = "1,2";
			};
			name = Debug;
		};
		50F01BD52844FB8A0007752A /* Release */ = {
			isa = XCBuildConfiguration;
			buildSettings = {
				ASSETCATALOG_COMPILER_APPICON_NAME = AppIcon;
				ASSETCATALOG_COMPILER_GLOBAL_ACCENT_COLOR_NAME = AccentColor;
				CODE_SIGN_STYLE = Automatic;
				CURRENT_PROJECT_VERSION = 1;
				DEVELOPMENT_ASSET_PATHS = "\"ME/Preview Content\"";
				DEVELOPMENT_TEAM = T378897HQ2;
				ENABLE_PREVIEWS = YES;
				GENERATE_INFOPLIST_FILE = YES;
				INFOPLIST_KEY_UIApplicationSceneManifest_Generation = YES;
				INFOPLIST_KEY_UIApplicationSupportsIndirectInputEvents = YES;
				INFOPLIST_KEY_UILaunchScreen_Generation = YES;
				INFOPLIST_KEY_UISupportedInterfaceOrientations_iPad = "UIInterfaceOrientationPortrait UIInterfaceOrientationPortraitUpsideDown UIInterfaceOrientationLandscapeLeft UIInterfaceOrientationLandscapeRight";
				INFOPLIST_KEY_UISupportedInterfaceOrientations_iPhone = "UIInterfaceOrientationPortrait UIInterfaceOrientationLandscapeLeft UIInterfaceOrientationLandscapeRight";
				LD_RUNPATH_SEARCH_PATHS = (
					"$(inherited)",
					"@executable_path/Frameworks",
				);
				MARKETING_VERSION = 1.0;
				PRODUCT_BUNDLE_IDENTIFIER = com.mch.ME;
				PRODUCT_NAME = "$(TARGET_NAME)";
				SWIFT_EMIT_LOC_STRINGS = YES;
				SWIFT_VERSION = 5.0;
				TARGETED_DEVICE_FAMILY = "1,2";
			};
			name = Release;
		};
/* End XCBuildConfiguration section */

/* Begin XCConfigurationList section */
		50F01BC02844FB890007752A /* Build configuration list for PBXProject "ME" */ = {
			isa = XCConfigurationList;
			buildConfigurations = (
				50F01BD12844FB8A0007752A /* Debug */,
				50F01BD22844FB8A0007752A /* Release */,
			);
			defaultConfigurationIsVisible = 0;
			defaultConfigurationName = Release;
		};
		50F01BD32844FB8A0007752A /* Build configuration list for PBXNativeTarget "ME" */ = {
			isa = XCConfigurationList;
			buildConfigurations = (
				50F01BD42844FB8A0007752A /* Debug */,
				50F01BD52844FB8A0007752A /* Release */,
			);
			defaultConfigurationIsVisible = 0;
			defaultConfigurationName = Release;
		};
/* End XCConfigurationList section */

/* Begin XCVersionGroup section */
		506AF2F72849833000455869 /* Definition.xcdatamodeld */ = {
			isa = XCVersionGroup;
			children = (
				506AF2F82849833000455869 /* Definition.xcdatamodel */,
			);
			currentVersion = 506AF2F82849833000455869 /* Definition.xcdatamodel */;
			path = Definition.xcdatamodeld;
			sourceTree = "<group>";
			versionGroupType = wrapper.xcdatamodel;
		};
/* End XCVersionGroup section */
	};
	rootObject = 50F01BBD2844FB890007752A /* Project object */;
}
